<?xml version="1.0" encoding="utf-8"?>
<Project ToolsVersion="4.0" xmlns="http://schemas.microsoft.com/developer/msbuild/2003">
  <ItemGroup>
    <Filter Include="Source Files">
      <UniqueIdentifier>{4FC737F1-C7A5-4376-A066-2A32D752A2FF}</UniqueIdentifier>
      <Extensions>cpp;c;cc;cxx;def;odl;idl;hpj;bat;asm;asmx</Extensions>
    </Filter>
    <Filter Include="Header Files">
      <UniqueIdentifier>{93995380-89BD-4b04-88EB-625FBE52EBFB}</UniqueIdentifier>
      <Extensions>h;hh;hpp;hxx;hm;inl;inc;xsd</Extensions>
    </Filter>
    <Filter Include="Resource Files">
      <UniqueIdentifier>{67DA6AB6-F800-4c08-8B7A-83BB121AAD01}</UniqueIdentifier>
      <Extensions>rc;ico;cur;bmp;dlg;rc2;rct;bin;rgs;gif;jpg;jpeg;jpe;resx;tiff;tif;png;wav;mfcribbon-ms</Extensions>
    </Filter>
    <Filter Include="Header Files\Common">
      <UniqueIdentifier>{92548f05-dec1-42d8-b231-dbd6c42fcc48}</UniqueIdentifier>
    </Filter>
  </ItemGroup>
  <ItemGroup>
    <ClInclude Include="stdafx.h">
      <Filter>Header Files</Filter>
    </ClInclude>
    <ClInclude Include="targetver.h">
      <Filter>Header Files</Filter>
    </ClInclude>
    <ClInclude Include="..\include\NaLib\NaHttp.h">
      <Filter>Header Files</Filter>
    </ClInclude>
    <ClInclude Include="..\include\NaLib\NaString.h">
      <Filter>Header Files</Filter>
    </ClInclude>
    <ClInclude Include="..\include\NaLib\NaUrl.h">
      <Filter>Header Files</Filter>
    </ClInclude>
    <ClInclude Include="..\include\NaLib\NaLibDefines.h">
      <Filter>Header Files\Common</Filter>
    </ClInclude>
    <ClInclude Include="..\include\NaLib\NaDebug.h">
      <Filter>Header Files</Filter>
    </ClInclude>
    <ClInclude Include="..\include\NaLib\NaMessageBox.h">
      <Filter>Header Files</Filter>
    </ClInclude>
    <ClInclude Include="..\include\NaLib\NaNotifyWindow.h">
      <Filter>Header Files</Filter>
    </ClInclude>
    <ClInclude Include="..\include\NaLib\NaCommon.h">
      <Filter>Header Files</Filter>
    </ClInclude>
  </ItemGroup>
  <ItemGroup>
    <ClCompile Include="stdafx.cpp">
      <Filter>Source Files</Filter>
    </ClCompile>
    <ClCompile Include="NaHttp.cpp">
      <Filter>Source Files</Filter>
    </ClCompile>
    <ClCompile Include="NaString.cpp">
      <Filter>Source Files</Filter>
    </ClCompile>
    <ClCompile Include="NaUrl.cpp">
      <Filter>Source Files</Filter>
    </ClCompile>
    <ClCompile Include="NaDebug.cpp">
      <Filter>Source Files</Filter>
    </ClCompile>
    <ClCompile Include="NaMessageBox.cpp">
      <Filter>Source Files</Filter>
    </ClCompile>
    <ClCompile Include="NaNotifyWindow.cpp">
      <Filter>Source Files</Filter>
    </ClCompile>
  </ItemGroup>
</Project>