<?xml version="1.0" encoding="utf-8"?>
<Project ToolsVersion="4.0" xmlns="http://schemas.microsoft.com/developer/msbuild/2003">
  <ItemGroup>
    <Filter Include="Source Files">
      <UniqueIdentifier>{4FC737F1-C7A5-4376-A066-2A32D752A2FF}</UniqueIdentifier>
      <Extensions>cpp;c;cc;cxx;def;odl;idl;hpj;bat;asm;asmx</Extensions>
    </Filter>
    <Filter Include="Header Files">
      <UniqueIdentifier>{93995380-89BD-4b04-88EB-625FBE52EBFB}</UniqueIdentifier>
      <Extensions>h;hpp;hxx;hm;inl;inc;xsd</Extensions>
    </Filter>
    <Filter Include="Resource Files">
      <UniqueIdentifier>{67DA6AB6-F800-4c08-8B7A-83BB121AAD01}</UniqueIdentifier>
      <Extensions>rc;ico;cur;bmp;dlg;rc2;rct;bin;rgs;gif;jpg;jpeg;jpe;resx;tiff;tif;png;wav</Extensions>
    </Filter>
    <Filter Include="Resource Files\Release">
      <UniqueIdentifier>{c0bbc88b-27d1-4816-ab5f-4bfbce14b924}</UniqueIdentifier>
    </Filter>
    <Filter Include="Resource Files\Debug">
      <UniqueIdentifier>{9ae96669-e1f9-45ed-8929-1f8c3790b53c}</UniqueIdentifier>
    </Filter>
    <Filter Include="Header Files\Module">
      <UniqueIdentifier>{37a8ed54-ad40-4eaf-8f6a-8979cd413166}</UniqueIdentifier>
    </Filter>
    <Filter Include="Source Files\Module">
      <UniqueIdentifier>{e1c57263-c55e-4062-9587-a04231423c36}</UniqueIdentifier>
    </Filter>
    <Filter Include="Header Files\Objects">
      <UniqueIdentifier>{9c24ac98-f245-440b-8c63-dd485d45dada}</UniqueIdentifier>
    </Filter>
    <Filter Include="Source Files\Objects">
      <UniqueIdentifier>{c19fa0a3-dc73-4d1b-93d7-eee0d438f369}</UniqueIdentifier>
    </Filter>
    <Filter Include="NaLib">
      <UniqueIdentifier>{1de93d5a-96bc-4462-960f-ba747e69144f}</UniqueIdentifier>
    </Filter>
  </ItemGroup>
  <ItemGroup>
    <ClCompile Include="stdafx.cpp">
      <Filter>Source Files</Filter>
    </ClCompile>
    <ClCompile Include="Common.cpp">
      <Filter>Source Files</Filter>
    </ClCompile>
    <ClCompile Include="NaMacro.cpp">
      <Filter>Source Files</Filter>
    </ClCompile>
    <ClCompile Include="BasicModule.cpp">
      <Filter>Source Files\Module</Filter>
    </ClCompile>
    <ClCompile Include="ExtModule.cpp">
      <Filter>Source Files\Module</Filter>
    </ClCompile>
    <ClCompile Include="KeyboardModule.cpp">
      <Filter>Source Files\Module</Filter>
    </ClCompile>
    <ClCompile Include="MouseModule.cpp">
      <Filter>Source Files\Module</Filter>
    </ClCompile>
    <ClCompile Include="ScreenModule.cpp">
      <Filter>Source Files\Module</Filter>
    </ClCompile>
    <ClCompile Include="ModuleBase.cpp">
      <Filter>Source Files\Module</Filter>
    </ClCompile>
    <ClCompile Include="NaImage.cpp">
      <Filter>Source Files\Objects</Filter>
    </ClCompile>
    <ClCompile Include="NaWindow.cpp">
      <Filter>Source Files\Objects</Filter>
    </ClCompile>
    <ClCompile Include="NaObject.cpp">
      <Filter>Source Files\Objects</Filter>
    </ClCompile>
    <ClCompile Include="..\NaLib\NaString.cpp">
      <Filter>NaLib</Filter>
    </ClCompile>
    <ClCompile Include="..\NaLib\NaUrl.cpp">
      <Filter>NaLib</Filter>
    </ClCompile>
    <ClCompile Include="..\NaLib\NaMessageBox.cpp">
      <Filter>NaLib</Filter>
    </ClCompile>
  </ItemGroup>
  <ItemGroup>
    <ClInclude Include="stdafx.h">
      <Filter>Header Files</Filter>
    </ClInclude>
    <ClInclude Include="Common.h">
      <Filter>Header Files</Filter>
    </ClInclude>
    <ClInclude Include="NaMacro.h">
      <Filter>Header Files</Filter>
    </ClInclude>
    <ClInclude Include="BasicModule.h">
      <Filter>Header Files\Module</Filter>
    </ClInclude>
    <ClInclude Include="ExtModule.h">
      <Filter>Header Files\Module</Filter>
    </ClInclude>
    <ClInclude Include="KeyboardModule.h">
      <Filter>Header Files\Module</Filter>
    </ClInclude>
    <ClInclude Include="MouseModule.h">
      <Filter>Header Files\Module</Filter>
    </ClInclude>
    <ClInclude Include="ScreenModule.h">
      <Filter>Header Files\Module</Filter>
    </ClInclude>
    <ClInclude Include="ModuleBase.h">
      <Filter>Header Files\Module</Filter>
    </ClInclude>
    <ClInclude Include="resource.h">
      <Filter>Header Files</Filter>
    </ClInclude>
    <ClInclude Include="NaImage.h">
      <Filter>Header Files\Objects</Filter>
    </ClInclude>
    <ClInclude Include="NaWindow.h">
      <Filter>Header Files\Objects</Filter>
    </ClInclude>
    <ClInclude Include="NaObject.h">
      <Filter>Header Files\Objects</Filter>
    </ClInclude>
    <ClInclude Include="..\NaLib\NaString.h">
      <Filter>NaLib</Filter>
    </ClInclude>
    <ClInclude Include="..\NaLib\NaUrl.h">
      <Filter>NaLib</Filter>
    </ClInclude>
    <ClInclude Include="..\NaLib\NaMessageBox.h">
      <Filter>NaLib</Filter>
    </ClInclude>
  </ItemGroup>
  <ItemGroup>
    <Text Include="ReadMe.txt" />
    <Text Include="Architecture.txt" />
  </ItemGroup>
  <ItemGroup>
    <None Include="..\Output\Debug\NaMacro.js">
      <Filter>Resource Files\Debug</Filter>
    </None>
    <None Include="..\Output\Release\NaMacro.js">
      <Filter>Resource Files\Release</Filter>
    </None>
  </ItemGroup>
  <ItemGroup>
    <ResourceCompile Include="NaMacro.rc">
      <Filter>Resource Files</Filter>
    </ResourceCompile>
  </ItemGroup>
  <ItemGroup>
    <Image Include="..\NaMacro.ico">
      <Filter>Resource Files</Filter>
    </Image>
  </ItemGroup>
</Project>