<?xml version="1.0" encoding="utf-8"?>
<Project ToolsVersion="4.0" xmlns="http://schemas.microsoft.com/developer/msbuild/2003">
  <ItemGroup>
    <Filter Include="Source Files">
      <UniqueIdentifier>{4FC737F1-C7A5-4376-A066-2A32D752A2FF}</UniqueIdentifier>
      <Extensions>cpp;c;cc;cxx;def;odl;idl;hpj;bat;asm;asmx</Extensions>
    </Filter>
    <Filter Include="Header Files">
      <UniqueIdentifier>{93995380-89BD-4b04-88EB-625FBE52EBFB}</UniqueIdentifier>
      <Extensions>h;hpp;hxx;hm;inl;inc;xsd</Extensions>
    </Filter>
    <Filter Include="Resource Files">
      <UniqueIdentifier>{67DA6AB6-F800-4c08-8B7A-83BB121AAD01}</UniqueIdentifier>
      <Extensions>rc;ico;cur;bmp;dlg;rc2;rct;bin;rgs;gif;jpg;jpeg;jpe;resx;tiff;tif;png;wav</Extensions>
    </Filter>
    <Filter Include="JsObjects">
      <UniqueIdentifier>{c2ef343e-8a7e-49f8-af4d-9b7c1f39f134}</UniqueIdentifier>
    </Filter>
    <Filter Include="NaObjects">
      <UniqueIdentifier>{b6ee5c4b-62ec-411e-843b-03c2eed864af}</UniqueIdentifier>
    </Filter>
  </ItemGroup>
  <ItemGroup>
    <ClCompile Include="stdafx.cpp">
      <Filter>Source Files</Filter>
    </ClCompile>
    <ClCompile Include="NaMacro.cpp">
      <Filter>Source Files</Filter>
    </ClCompile>
    <ClCompile Include="V8Wrap.cpp">
      <Filter>Source Files</Filter>
    </ClCompile>
    <ClCompile Include="NaMacroCommon.cpp">
      <Filter>Source Files</Filter>
    </ClCompile>
    <ClCompile Include="JsControl.cpp">
      <Filter>JsObjects</Filter>
    </ClCompile>
    <ClCompile Include="JsFile.cpp">
      <Filter>JsObjects</Filter>
    </ClCompile>
    <ClCompile Include="JsImage.cpp">
      <Filter>JsObjects</Filter>
    </ClCompile>
    <ClCompile Include="JsMouse.cpp">
      <Filter>JsObjects</Filter>
    </ClCompile>
    <ClCompile Include="JsObjectBase.cpp">
      <Filter>JsObjects</Filter>
    </ClCompile>
    <ClCompile Include="JsProcess.cpp">
      <Filter>JsObjects</Filter>
    </ClCompile>
    <ClCompile Include="JsWindow.cpp">
      <Filter>JsObjects</Filter>
    </ClCompile>
    <ClCompile Include="NaControl.cpp">
      <Filter>NaObjects</Filter>
    </ClCompile>
    <ClCompile Include="NaWindow.cpp">
      <Filter>NaObjects</Filter>
    </ClCompile>
    <ClCompile Include="JsKeyboard.cpp">
      <Filter>JsObjects</Filter>
    </ClCompile>
    <ClCompile Include="JsGlobalExternal.cpp">
      <Filter>JsObjects</Filter>
    </ClCompile>
    <ClCompile Include="JsScreen.cpp">
      <Filter>JsObjects</Filter>
    </ClCompile>
    <ClCompile Include="JsGlobalCommon.cpp">
      <Filter>JsObjects</Filter>
    </ClCompile>
    <ClCompile Include="NaScreen.cpp">
      <Filter>NaObjects</Filter>
    </ClCompile>
    <ClCompile Include="NaMouse.cpp">
      <Filter>NaObjects</Filter>
    </ClCompile>
    <ClCompile Include="NaKeyboard.cpp">
      <Filter>NaObjects</Filter>
    </ClCompile>
  </ItemGroup>
  <ItemGroup>
    <ClInclude Include="stdafx.h">
      <Filter>Header Files</Filter>
    </ClInclude>
    <ClInclude Include="NaMacro.h">
      <Filter>Header Files</Filter>
    </ClInclude>
    <ClInclude Include="resource.h">
      <Filter>Header Files</Filter>
    </ClInclude>
    <ClInclude Include="V8Wrap.h">
      <Filter>Header Files</Filter>
    </ClInclude>
    <ClInclude Include="NaMacroCommon.h">
      <Filter>Header Files</Filter>
    </ClInclude>
    <ClInclude Include="JsControl.h">
      <Filter>JsObjects</Filter>
    </ClInclude>
    <ClInclude Include="JsFile.h">
      <Filter>JsObjects</Filter>
    </ClInclude>
    <ClInclude Include="JsImage.h">
      <Filter>JsObjects</Filter>
    </ClInclude>
    <ClInclude Include="JsObjectBase.h">
      <Filter>JsObjects</Filter>
    </ClInclude>
    <ClInclude Include="JsProcess.h">
      <Filter>JsObjects</Filter>
    </ClInclude>
    <ClInclude Include="JsWindow.h">
      <Filter>JsObjects</Filter>
    </ClInclude>
    <ClInclude Include="NaControl.h">
      <Filter>NaObjects</Filter>
    </ClInclude>
    <ClInclude Include="NaWindow.h">
      <Filter>NaObjects</Filter>
    </ClInclude>
    <ClInclude Include="JsMouse.h">
      <Filter>JsObjects</Filter>
    </ClInclude>
    <ClInclude Include="JsKeyboard.h">
      <Filter>JsObjects</Filter>
    </ClInclude>
    <ClInclude Include="JsGlobalExternal.h">
      <Filter>JsObjects</Filter>
    </ClInclude>
    <ClInclude Include="JsScreen.h">
      <Filter>JsObjects</Filter>
    </ClInclude>
    <ClInclude Include="JsGlobalCommon.h">
      <Filter>JsObjects</Filter>
    </ClInclude>
    <ClInclude Include="ModuleBase.h">
      <Filter>JsObjects</Filter>
    </ClInclude>
    <ClInclude Include="NaScreen.h">
      <Filter>NaObjects</Filter>
    </ClInclude>
    <ClInclude Include="NaMouse.h">
      <Filter>NaObjects</Filter>
    </ClInclude>
    <ClInclude Include="NaKeyboard.h">
      <Filter>NaObjects</Filter>
    </ClInclude>
  </ItemGroup>
  <ItemGroup>
    <None Include="packages.config" />
    <None Include="res\NaMacro.rc2">
      <Filter>Resource Files</Filter>
    </None>
  </ItemGroup>
  <ItemGroup>
    <ResourceCompile Include="NaMacro.rc">
      <Filter>Resource Files</Filter>
    </ResourceCompile>
  </ItemGroup>
  <ItemGroup>
    <Image Include="..\..\NaMacro.ico">
      <Filter>Resource Files</Filter>
    </Image>
    <Image Include="..\..\NaMacroScript.ico">
      <Filter>Resource Files</Filter>
    </Image>
  </ItemGroup>
</Project>